
Microsoft Visual Studio Solution File, Format Version 9.00
# Visual Studio 2005
Project("{8BC9CEB8-8B4A-11D0-8D11-00A0C91BC942}") = "C4Mod", "C4Mod.vcproj", "{3933BAB7-C9B2-48AA-8431-255D0C3A4CEE}"
EndProject
Global
	GlobalSection(SolutionConfigurationPlatforms) = preSolution
		Debug|x64 = Debug|x64
		Release - DVAMP|x64 = Release - DVAMP|x64
		Release|x64 = Release|x64
	EndGlobalSection
	GlobalSection(ProjectConfigurationPlatforms) = postSolution
		{3933BAB7-C9B2-48AA-8431-255D0C3A4CEE}.Debug|x64.ActiveCfg = Debug|x64
		{3933BAB7-C9B2-48AA-8431-255D0C3A4CEE}.Debug|x64.Build.0 = Debug|x64
		{3933BAB7-C9B2-48AA-8431-255D0C3A4CEE}.Release - DVAMP|x64.ActiveCfg = Release - DVAMP|x64
		{3933BAB7-C9B2-48AA-8431-255D0C3A4CEE}.Release - DVAMP|x64.Build.0 = Release - DVAMP|x64
		{3933BAB7-C9B2-48AA-8431-255D0C3A4CEE}.Release|x64.ActiveCfg = Release|x64
		{3933BAB7-C9B2-48AA-8431-255D0C3A4CEE}.Release|x64.Build.0 = Release|x64
	EndGlobalSection
	GlobalSection(SolutionProperties) = preSolution
		HideSolutionNode = FALSE
	EndGlobalSection
EndGlobal
